# THIS IS AN AUTOGENERATED FILE. DO NOT EDIT THIS FILE DIRECTLY.
# yarn lockfile v1


copy-to-clipboard@^3.2.0:
  version "3.3.1"
  resolved "https://registry.yarnpkg.com/copy-to-clipboard/-/copy-to-clipboard-3.3.1.tgz#115aa1a9998ffab6196f93076ad6da3b913662ae"
  integrity sha512-i13qo6kIHTTpCm8/Wup+0b1mVWETvu2kIMzKoK8FpkLkFxlt0znUAHcMzox+T8sPlqtZXq3CulEjQHsYiGFJUw==
  dependencies:
    toggle-selection "^1.0.6"

toggle-selection@^1.0.6:
  version "1.0.6"
  resolved "https://registry.yarnpkg.com/toggle-selection/-/toggle-selection-1.0.6.tgz#6e45b1263f2017fa0acc7d89d78b15b8bf77da32"
  integrity sha1-bkWxJj8gF/oKzH2J14sVuL932jI=

use-copy@^0.0.2:
  version "0.0.2"
  resolved "https://registry.yarnpkg.com/use-copy/-/use-copy-0.0.2.tgz#f465fb9b739dfda070ba79d370dc513ca626cd1b"
  integrity sha512-Vft5XzLq34FNSovAIVPkfo9BgzKyw4nI+eEO9mWfGNwi/30P7ZBrnHCLpKTcsdS2nyVqN7gOdwiZpvhsWG+6Og==
  dependencies:
    copy-to-clipboard "^3.2.0"
